
Microsoft Visual Studio Solution File, Format Version 12.00
Project("{FAE04EC0-301F-11D3-BF4B-00C04F79EFBC}") = "BusCompany.Tests", "BusCompany.Tests\BusCompany.Tests.csproj", "{6C348308-78B8-4613-9452-9BD437649749}"
EndProject
Project("{FAE04EC0-301F-11D3-BF4B-00C04F79EFBC}") = "BusCompany", "BusCompany\BusCompany.csproj", "{52772D7D-3B38-4FD2-B102-8DEFA1799DC2}"
EndProject
Project("{FAE04EC0-301F-11D3-BF4B-00C04F79EFBC}") = "LearningHotelBooking", "LearningHotelBooking\LearningHotelBooking.csproj", "{AB465B69-4D09-4F48-809D-6F33179FB9F0}"
EndProject
Global
	GlobalSection(SolutionConfigurationPlatforms) = preSolution
		Debug|Any CPU = Debug|Any CPU
		Release|Any CPU = Release|Any CPU
	EndGlobalSection
	GlobalSection(ProjectConfigurationPlatforms) = postSolution
		{6C348308-78B8-4613-9452-9BD437649749}.Debug|Any CPU.ActiveCfg = Debug|Any CPU
		{6C348308-78B8-4613-9452-9BD437649749}.Debug|Any CPU.Build.0 = Debug|Any CPU
		{6C348308-78B8-4613-9452-9BD437649749}.Release|Any CPU.ActiveCfg = Release|Any CPU
		{6C348308-78B8-4613-9452-9BD437649749}.Release|Any CPU.Build.0 = Release|Any CPU
		{52772D7D-3B38-4FD2-B102-8DEFA1799DC2}.Debug|Any CPU.ActiveCfg = Debug|Any CPU
		{52772D7D-3B38-4FD2-B102-8DEFA1799DC2}.Debug|Any CPU.Build.0 = Debug|Any CPU
		{52772D7D-3B38-4FD2-B102-8DEFA1799DC2}.Release|Any CPU.ActiveCfg = Release|Any CPU
		{52772D7D-3B38-4FD2-B102-8DEFA1799DC2}.Release|Any CPU.Build.0 = Release|Any CPU
		{AB465B69-4D09-4F48-809D-6F33179FB9F0}.Debug|Any CPU.ActiveCfg = Debug|Any CPU
		{AB465B69-4D09-4F48-809D-6F33179FB9F0}.Debug|Any CPU.Build.0 = Debug|Any CPU
		{AB465B69-4D09-4F48-809D-6F33179FB9F0}.Release|Any CPU.ActiveCfg = Release|Any CPU
		{AB465B69-4D09-4F48-809D-6F33179FB9F0}.Release|Any CPU.Build.0 = Release|Any CPU
	EndGlobalSection
EndGlobal
